
Microsoft Visual Studio Solution File, Format Version 12.00
# Visual Studio 15
VisualStudioVersion = 15.0.28307.1831
MinimumVisualStudioVersion = 10.0.40219.1
Project("{8BC9CEB8-8B4A-11D0-8D11-00A0C91BC942}") = "实习机房预约系统", "实习机房预约系统\实习机房预约系统.vcxproj", "{433BD082-EAED-40DF-AB48-822BB24ABDFF}"
EndProject
Global
	GlobalSection(SolutionConfigurationPlatforms) = preSolution
		Debug|x64 = Debug|x64
		Debug|x86 = Debug|x86
		Release|x64 = Release|x64
		Release|x86 = Release|x86
	EndGlobalSection
	GlobalSection(ProjectConfigurationPlatforms) = postSolution
		{433BD082-EAED-40DF-AB48-822BB24ABDFF}.Debug|x64.ActiveCfg = Debug|x64
		{433BD082-EAED-40DF-AB48-822BB24ABDFF}.Debug|x64.Build.0 = Debug|x64
		{433BD082-EAED-40DF-AB48-822BB24ABDFF}.Debug|x86.ActiveCfg = Debug|Win32
		{433BD082-EAED-40DF-AB48-822BB24ABDFF}.Debug|x86.Build.0 = Debug|Win32
		{433BD082-EAED-40DF-AB48-822BB24ABDFF}.Release|x64.ActiveCfg = Release|x64
		{433BD082-EAED-40DF-AB48-822BB24ABDFF}.Release|x64.Build.0 = Release|x64
		{433BD082-EAED-40DF-AB48-822BB24ABDFF}.Release|x86.ActiveCfg = Release|Win32
		{433BD082-EAED-40DF-AB48-822BB24ABDFF}.Release|x86.Build.0 = Release|Win32
	EndGlobalSection
	GlobalSection(SolutionProperties) = preSolution
		HideSolutionNode = FALSE
	EndGlobalSection
	GlobalSection(ExtensibilityGlobals) = postSolution
		SolutionGuid = {9FDF70E5-D550-454F-9D41-67648F94491A}
	EndGlobalSection
EndGlobal
